
Microsoft Visual Studio Solution File, Format Version 12.00
# Visual Studio 15
VisualStudioVersion = 15.0.27428.2015
MinimumVisualStudioVersion = 10.0.40219.1
Project("{FAE04EC0-301F-11D3-BF4B-00C04F79EFBC}") = "WPFUI", "WPFUI\WPFUI.csproj", "{70E50DB6-9F80-4EB0-999D-88FE83BA3B52}"
EndProject
Global
	GlobalSection(SolutionConfigurationPlatforms) = preSolution
		Debug|Any CPU = Debug|Any CPU
		Release|Any CPU = Release|Any CPU
	EndGlobalSection
	GlobalSection(ProjectConfigurationPlatforms) = postSolution
		{70E50DB6-9F80-4EB0-999D-88FE83BA3B52}.Debug|Any CPU.ActiveCfg = Debug|Any CPU
		{70E50DB6-9F80-4EB0-999D-88FE83BA3B52}.Debug|Any CPU.Build.0 = Debug|Any CPU
		{70E50DB6-9F80-4EB0-999D-88FE83BA3B52}.Release|Any CPU.ActiveCfg = Release|Any CPU
		{70E50DB6-9F80-4EB0-999D-88FE83BA3B52}.Release|Any CPU.Build.0 = Release|Any CPU
	EndGlobalSection
	GlobalSection(SolutionProperties) = preSolution
		HideSolutionNode = FALSE
	EndGlobalSection
	GlobalSection(ExtensibilityGlobals) = postSolution
		SolutionGuid = {35AC9845-5A3C-4E43-A15E-5BDF62016360}
	EndGlobalSection
EndGlobal
